Microsoft Visual Studio Solution File, Format Version 12.00
# Visual Studio Version 17
VisualStudioVersion = 17.13.35931.197
MinimumVisualStudioVersion = 10.0.40219.1
Project("{FAE04EC0-301F-11D3-BF4B-00C04F79EFBC}") = "local-packages-gui", "local-packages-gui.csproj", "{20AE83AD-2CDA-49A0-9E7E-7CE0E6A66357}"
EndProject
Global
	GlobalSection(SolutionConfigurationPlatforms) = preSolution
		Debug|Any CPU = Debug|Any CPU
		Release|Any CPU = Release|Any CPU
	EndGlobalSection
	GlobalSection(ProjectConfigurationPlatforms) = postSolution
		{20AE83AD-2CDA-49A0-9E7E-7CE0E6A66357}.Debug|Any CPU.ActiveCfg = Debug|Any CPU
		{20AE83AD-2CDA-49A0-9E7E-7CE0E6A66357}.Debug|Any CPU.Build.0 = Debug|Any CPU
		{20AE83AD-2CDA-49A0-9E7E-7CE0E6A66357}.Release|Any CPU.ActiveCfg = Release|Any CPU
		{20AE83AD-2CDA-49A0-9E7E-7CE0E6A66357}.Release|Any CPU.Build.0 = Release|Any CPU
	EndGlobalSection
	GlobalSection(SolutionProperties) = preSolution
		HideSolutionNode = FALSE
	EndGlobalSection
	GlobalSection(ExtensibilityGlobals) = postSolution
		SolutionGuid = {52B32FD8-C9DB-498D-B52B-365B034F7487}
	EndGlobalSection
EndGlobal
